
Microsoft Visual Studio Solution File, Format Version 12.00
# Visual Studio Version 16
VisualStudioVersion = 16.0.32002.261
MinimumVisualStudioVersion = 10.0.40219.1
Project("{FAE04EC0-301F-11D3-BF4B-00C04F79EFBC}") = "Backendapi", "Backendapi\Backendapi.csproj", "{4D327FD4-C219-4E1B-9CBB-F67BAE32033C}"
EndProject
Global
	GlobalSection(SolutionConfigurationPlatforms) = preSolution
		Debug|Any CPU = Debug|Any CPU
		Release|Any CPU = Release|Any CPU
	EndGlobalSection
	GlobalSection(ProjectConfigurationPlatforms) = postSolution
		{4D327FD4-C219-4E1B-9CBB-F67BAE32033C}.Debug|Any CPU.ActiveCfg = Debug|Any CPU
		{4D327FD4-C219-4E1B-9CBB-F67BAE32033C}.Debug|Any CPU.Build.0 = Debug|Any CPU
		{4D327FD4-C219-4E1B-9CBB-F67BAE32033C}.Release|Any CPU.ActiveCfg = Release|Any CPU
		{4D327FD4-C219-4E1B-9CBB-F67BAE32033C}.Release|Any CPU.Build.0 = Release|Any CPU
	EndGlobalSection
	GlobalSection(SolutionProperties) = preSolution
		HideSolutionNode = FALSE
	EndGlobalSection
	GlobalSection(ExtensibilityGlobals) = postSolution
		SolutionGuid = {460E2853-CE1F-4902-AA3B-4F9AFF4D85CD}
	EndGlobalSection
EndGlobal
